{
  "version": 4,
  "terraform_version": "0.14.6",
  "serial": 121,
  "lineage": "422e505e-e9d9-4c45-89b0-2da51a2a1ab2",
  "outputs": {
    "cloudinit": {
      "value": "\n#cloud-config\nhostname: master\nssh_authorized_keys:\n  - ssh-rsa AAAAB3NzaC1yc2EAAAADAQABAAABgQDZqMB18SfcAES7uHLYa+guTNLO1ywL5Tt2puxSxvI2RAMmjc5hqy8fW5x7KKvTlgAuPlkjX3qIsnrfUoHcCkGcDgWjVudH6EtoBMqxcG4WnzZVGZDmluWTtH5A50ZO81HS2Yfz0N5R5h+iXoWzX3F+p27Sn+Y1/BLNNo/2CVvEeou6yFo2MCGMdBPUzI/LPp4FNrHm916b3W9WsGBQQLDH1v/wVBYY05cC8iik7rpQbodDyQpiAK0hIapBkJ4xao+q8ahQPMcJqAtE5w4ZHv9l8xl7/ljXjIX9qbsccuuAZQuJ0etpVysptFB1W6PIRByEOzcXFFCJfmHUjUiB6+IOFAxEhUb46IkWTk+TVdmBO95uf470uB5chN35HmtE2aSfarFX40+M+oMXCeYeBgN0OvGj2XyteJO3rzt3mSmrDcnNuX/texNGMAxl1QiayVDxXwDCcxucOG7KiubVN4EhblmUUvrya5JmGe5oCAi4LdSaKZdesNYnsjZSNak0dGk= root@priotto-pc\n\npackages:\n  - htop\n\n",
      "type": "string"
    },
    "cloudinit_network": {
      "value": "\nnetwork:\n  version: 1\n  config:\n  - type: physical\n    name: interface0\n    mac_address: 82:69:64:28:b4:3a\n    subnets:\n     - type: static\n       address: 192.168.1.66\n       gateway: 192.168.1.1\n       netmask: 255.255.255.0\n#     -  type: nameserver\n#        address:\n#        - 8.8.8.8\n#        - 8.8.4.4\n",
      "type": "string"
    }
  },
  "resources": [
    {
      "mode": "data",
      "type": "template_file",
      "name": "cloudinit",
      "provider": "provider[\"registry.terraform.io/hashicorp/template\"]",
      "instances": [
        {
          "schema_version": 0,
          "attributes": {
            "filename": null,
            "id": "c36dfc6798fac0de032a26345dccd87d9140b07357cf5da88b4ac2dd297b63ca",
            "rendered": "#cloud-config\nhostname: master\nssh_authorized_keys:\n  - ssh-rsa AAAAB3NzaC1yc2EAAAADAQABAAABgQDZqMB18SfcAES7uHLYa+guTNLO1ywL5Tt2puxSxvI2RAMmjc5hqy8fW5x7KKvTlgAuPlkjX3qIsnrfUoHcCkGcDgWjVudH6EtoBMqxcG4WnzZVGZDmluWTtH5A50ZO81HS2Yfz0N5R5h+iXoWzX3F+p27Sn+Y1/BLNNo/2CVvEeou6yFo2MCGMdBPUzI/LPp4FNrHm916b3W9WsGBQQLDH1v/wVBYY05cC8iik7rpQbodDyQpiAK0hIapBkJ4xao+q8ahQPMcJqAtE5w4ZHv9l8xl7/ljXjIX9qbsccuuAZQuJ0etpVysptFB1W6PIRByEOzcXFFCJfmHUjUiB6+IOFAxEhUb46IkWTk+TVdmBO95uf470uB5chN35HmtE2aSfarFX40+M+oMXCeYeBgN0OvGj2XyteJO3rzt3mSmrDcnNuX/texNGMAxl1QiayVDxXwDCcxucOG7KiubVN4EhblmUUvrya5JmGe5oCAi4LdSaKZdesNYnsjZSNak0dGk= root@priotto-pc\n\npackages:\n  - htop\n\n",
            "template": "#cloud-config\nhostname: ${hostname}\nssh_authorized_keys:\n  - ${ssh_key}\npackages:\n  - htop\n\n",
            "vars": {
              "hostname": "master",
              "ssh_key": "ssh-rsa AAAAB3NzaC1yc2EAAAADAQABAAABgQDZqMB18SfcAES7uHLYa+guTNLO1ywL5Tt2puxSxvI2RAMmjc5hqy8fW5x7KKvTlgAuPlkjX3qIsnrfUoHcCkGcDgWjVudH6EtoBMqxcG4WnzZVGZDmluWTtH5A50ZO81HS2Yfz0N5R5h+iXoWzX3F+p27Sn+Y1/BLNNo/2CVvEeou6yFo2MCGMdBPUzI/LPp4FNrHm916b3W9WsGBQQLDH1v/wVBYY05cC8iik7rpQbodDyQpiAK0hIapBkJ4xao+q8ahQPMcJqAtE5w4ZHv9l8xl7/ljXjIX9qbsccuuAZQuJ0etpVysptFB1W6PIRByEOzcXFFCJfmHUjUiB6+IOFAxEhUb46IkWTk+TVdmBO95uf470uB5chN35HmtE2aSfarFX40+M+oMXCeYeBgN0OvGj2XyteJO3rzt3mSmrDcnNuX/texNGMAxl1QiayVDxXwDCcxucOG7KiubVN4EhblmUUvrya5JmGe5oCAi4LdSaKZdesNYnsjZSNak0dGk= root@priotto-pc\n"
            }
          },
          "sensitive_attributes": []
        }
      ]
    },
    {
      "mode": "data",
      "type": "template_file",
      "name": "cloudinit_network",
      "provider": "provider[\"registry.terraform.io/hashicorp/template\"]",
      "instances": [
        {
          "schema_version": 0,
          "attributes": {
            "filename": null,
            "id": "867ebc25daba38ccc619c9b63239ccaf8c5ad92cf7f95481d9a1cdc37625a75c",
            "rendered": "network:\n  version: 1\n  config:\n  - type: physical\n    name: interface0\n    mac_address: 82:69:64:28:b4:3a\n    subnets:\n     - type: static\n       address: 192.168.1.66\n       gateway: 192.168.1.1\n       netmask: 255.255.255.0\n#     -  type: nameserver\n#        address:\n#        - 8.8.8.8\n#        - 8.8.4.4\n",
            "template": "network:\n  version: 1\n  config:\n  - type: physical\n    name: interface0\n    mac_address: ${ip_mac}\n    subnets:\n     - type: static\n       address: ${ip_config}\n       gateway: 192.168.1.1\n       netmask: 255.255.255.0\n#     -  type: nameserver\n#        address:\n#        - 8.8.8.8\n#        - 8.8.4.4\n",
            "vars": {
              "ip_config": "192.168.1.66",
              "ip_mac": "82:69:64:28:b4:3a"
            }
          },
          "sensitive_attributes": []
        }
      ]
    },
    {
      "mode": "data",
      "type": "xenorchestra_network",
      "name": "net",
      "provider": "provider[\"registry.terraform.io/terra-farm/xenorchestra\"]",
      "instances": [
        {
          "schema_version": 0,
          "attributes": {
            "bridge": "xapi0",
            "id": "c8683a8a-e8f6-f983-e8cb-3ab4f78d00ec",
            "name_label": "PRD",
            "pool_id": "9050901d-ec30-de20-5c9e-441f02fff336"
          },
          "sensitive_attributes": []
        }
      ]
    },
    {
      "mode": "data",
      "type": "xenorchestra_pool",
      "name": "pool",
      "provider": "provider[\"registry.terraform.io/terra-farm/xenorchestra\"]",
      "instances": [
        {
          "schema_version": 0,
          "attributes": {
            "cpus": {
              "cores": "4",
              "sockets": "1"
            },
            "description": "",
            "id": "9050901d-ec30-de20-5c9e-441f02fff336",
            "master": "eb30ca4e-5817-4f2b-aab4-bccfd6435ffe",
            "name_label": "node1"
          },
          "sensitive_attributes": []
        }
      ]
    },
    {
      "mode": "data",
      "type": "xenorchestra_sr",
      "name": "local_storage",
      "provider": "provider[\"registry.terraform.io/terra-farm/xenorchestra\"]",
      "instances": [
        {
          "schema_version": 0,
          "attributes": {
            "id": "57595b31-6375-7ea3-da78-b57315ecd45b",
            "name_label": "Local storage",
            "pool_id": "9050901d-ec30-de20-5c9e-441f02fff336",
            "sr_type": "lvm",
            "tags": null,
            "uuid": "57595b31-6375-7ea3-da78-b57315ecd45b"
          },
          "sensitive_attributes": []
        }
      ]
    },
    {
      "mode": "data",
      "type": "xenorchestra_template",
      "name": "template",
      "provider": "provider[\"registry.terraform.io/terra-farm/xenorchestra\"]",
      "instances": [
        {
          "schema_version": 0,
          "attributes": {
            "id": "3db1e632-b28d-dd9c-ed85-f91c322dedbc",
            "name_label": "template-n",
            "pool_id": "9050901d-ec30-de20-5c9e-441f02fff336",
            "uuid": "3db1e632-b28d-dd9c-ed85-f91c322dedbc"
          },
          "sensitive_attributes": []
        }
      ]
    },
    {
      "mode": "managed",
      "type": "xenorchestra_cloud_config",
      "name": "vm",
      "provider": "provider[\"registry.terraform.io/terra-farm/xenorchestra\"]",
      "instances": [
        {
          "schema_version": 0,
          "attributes": {
            "id": "912fe3fb-2868-4251-8414-214865f9b6df",
            "name": "bootstrap",
            "template": "#cloud-config\nhostname: master\nssh_authorized_keys:\n  - ssh-rsa AAAAB3NzaC1yc2EAAAADAQABAAABgQDZqMB18SfcAES7uHLYa+guTNLO1ywL5Tt2puxSxvI2RAMmjc5hqy8fW5x7KKvTlgAuPlkjX3qIsnrfUoHcCkGcDgWjVudH6EtoBMqxcG4WnzZVGZDmluWTtH5A50ZO81HS2Yfz0N5R5h+iXoWzX3F+p27Sn+Y1/BLNNo/2CVvEeou6yFo2MCGMdBPUzI/LPp4FNrHm916b3W9WsGBQQLDH1v/wVBYY05cC8iik7rpQbodDyQpiAK0hIapBkJ4xao+q8ahQPMcJqAtE5w4ZHv9l8xl7/ljXjIX9qbsccuuAZQuJ0etpVysptFB1W6PIRByEOzcXFFCJfmHUjUiB6+IOFAxEhUb46IkWTk+TVdmBO95uf470uB5chN35HmtE2aSfarFX40+M+oMXCeYeBgN0OvGj2XyteJO3rzt3mSmrDcnNuX/texNGMAxl1QiayVDxXwDCcxucOG7KiubVN4EhblmUUvrya5JmGe5oCAi4LdSaKZdesNYnsjZSNak0dGk= root@priotto-pc\n\npackages:\n  - htop\n\n"
          },
          "sensitive_attributes": [],
          "private": "bnVsbA==",
          "dependencies": [
            "data.template_file.cloudinit"
          ]
        }
      ]
    },
    {
      "mode": "managed",
      "type": "xenorchestra_cloud_config",
      "name": "vm_network",
      "provider": "provider[\"registry.terraform.io/terra-farm/xenorchestra\"]",
      "instances": [
        {
          "schema_version": 0,
          "attributes": {
            "id": "d391a2c8-46b9-42f6-bec7-6e4ad8ee61f8",
            "name": "bootstrap",
            "template": "network:\n  version: 1\n  config:\n  - type: physical\n    name: interface0\n    mac_address: 82:69:64:28:b4:3a\n    subnets:\n     - type: static\n       address: 192.168.1.66\n       gateway: 192.168.1.1\n       netmask: 255.255.255.0\n#     -  type: nameserver\n#        address:\n#        - 8.8.8.8\n#        - 8.8.4.4\n"
          },
          "sensitive_attributes": [],
          "private": "bnVsbA==",
          "dependencies": [
            "data.template_file.cloudinit_network"
          ]
        }
      ]
    },
    {
      "mode": "managed",
      "type": "xenorchestra_vm",
      "name": "vm",
      "provider": "provider[\"registry.terraform.io/terra-farm/xenorchestra\"]",
      "instances": [
        {
          "schema_version": 0,
          "attributes": {
            "affinity_host": "",
            "auto_poweron": false,
            "cloud_config": "#cloud-config\nhostname: master\nssh_authorized_keys:\n  - ssh-rsa AAAAB3NzaC1yc2EAAAADAQABAAABgQDZqMB18SfcAES7uHLYa+guTNLO1ywL5Tt2puxSxvI2RAMmjc5hqy8fW5x7KKvTlgAuPlkjX3qIsnrfUoHcCkGcDgWjVudH6EtoBMqxcG4WnzZVGZDmluWTtH5A50ZO81HS2Yfz0N5R5h+iXoWzX3F+p27Sn+Y1/BLNNo/2CVvEeou6yFo2MCGMdBPUzI/LPp4FNrHm916b3W9WsGBQQLDH1v/wVBYY05cC8iik7rpQbodDyQpiAK0hIapBkJ4xao+q8ahQPMcJqAtE5w4ZHv9l8xl7/ljXjIX9qbsccuuAZQuJ0etpVysptFB1W6PIRByEOzcXFFCJfmHUjUiB6+IOFAxEhUb46IkWTk+TVdmBO95uf470uB5chN35HmtE2aSfarFX40+M+oMXCeYeBgN0OvGj2XyteJO3rzt3mSmrDcnNuX/texNGMAxl1QiayVDxXwDCcxucOG7KiubVN4EhblmUUvrya5JmGe5oCAi4LdSaKZdesNYnsjZSNak0dGk= root@priotto-pc\n\npackages:\n  - htop\n\n",
            "cloud_network_config": "network:\n  version: 1\n  config:\n  - type: physical\n    name: interface0\n    mac_address: 82:69:64:28:b4:3a\n    subnets:\n     - type: static\n       address: 192.168.1.66\n       gateway: 192.168.1.1\n       netmask: 255.255.255.0\n#     -  type: nameserver\n#        address:\n#        - 8.8.8.8\n#        - 8.8.4.4\n",
            "core_os": false,
            "cpu_cap": 0,
            "cpu_weight": 0,
            "cpus": 2,
            "disk": [
              {
                "attached": true,
                "name_description": "",
                "name_label": "master",
                "position": "0",
                "size": 32212254720,
                "sr_id": "57595b31-6375-7ea3-da78-b57315ecd45b",
                "vbd_id": "b3e26bfd-815d-6677-fd60-6efe57824f2c",
                "vdi_id": "2a9a1e1c-eabc-41bf-8cf1-8eaea6d797f5"
              }
            ],
            "high_availability": "",
            "id": "63cb1e40-0a2d-29d0-3c62-d4078942816c",
            "ipv4_addresses": [],
            "ipv6_addresses": [],
            "memory_max": 4294967296,
            "name_description": "Created by Terraform",
            "name_label": "master",
            "network": [
              {
                "attached": true,
                "device": "0",
                "ipv4_addresses": [],
                "ipv6_addresses": [],
                "mac_address": "82:69:64:28:b4:3a",
                "network_id": "c8683a8a-e8f6-f983-e8cb-3ab4f78d00ec"
              }
            ],
            "resource_set": "",
            "tags": [
              "k8s",
              "master"
            ],
            "template": "3db1e632-b28d-dd9c-ed85-f91c322dedbc",
            "timeouts": null,
            "wait_for_ip": false
          },
          "sensitive_attributes": [],
          "private": "eyJlMmJmYjczMC1lY2FhLTExZTYtOGY4OC0zNDM2M2JjN2M0YzAiOnsiY3JlYXRlIjozMDAwMDAwMDAwMDAsInVwZGF0ZSI6MzAwMDAwMDAwMDAwfX0=",
          "dependencies": [
            "data.template_file.cloudinit",
            "data.template_file.cloudinit_network",
            "data.xenorchestra_network.net",
            "data.xenorchestra_sr.local_storage",
            "data.xenorchestra_template.template",
            "xenorchestra_cloud_config.vm",
            "xenorchestra_cloud_config.vm_network"
          ]
        }
      ]
    }
  ]
}
